
Microsoft Visual Studio Solution File, Format Version 12.00
# Visual Studio Version 17
VisualStudioVersion = 17.0.31903.59
MinimumVisualStudioVersion = 10.0.40219.1
Project("{2150E333-8FDC-42A3-9474-1A3956D46DE8}") = "src", "src", "{827E0CD3-B72D-47B6-A68D-7590B98EB39B}"
EndProject
Project("{FAE04EC0-301F-11D3-BF4B-00C04F79EFBC}") = "MultiTenantInventory.API", "src\MultiTenantInventory.API\MultiTenantInventory.API.csproj", "{BC2CCB43-1AD3-42D7-A247-0EC694C8AEAF}"
EndProject
Project("{FAE04EC0-301F-11D3-BF4B-00C04F79EFBC}") = "MultiTenantInventory.Application", "src\MultiTenantInventory.Application\MultiTenantInventory.Application.csproj", "{2E357595-2928-4C00-80B7-482156A27F2B}"
EndProject
Project("{FAE04EC0-301F-11D3-BF4B-00C04F79EFBC}") = "MultiTenantInventory.Domain", "src\MultiTenantInventory.Domain\MultiTenantInventory.Domain.csproj", "{998DB393-01BF-4472-AB36-DC3D10F85C86}"
EndProject
Project("{FAE04EC0-301F-11D3-BF4B-00C04F79EFBC}") = "MultiTenantInventory.Infrastructure", "src\MultiTenantInventory.Infrastructure\MultiTenantInventory.Infrastructure.csproj", "{E478EEB4-466A-429C-8783-D2873D730722}"
EndProject
Project("{2150E333-8FDC-42A3-9474-1A3956D46DE8}") = "tests", "tests", "{0AB3BF05-4346-4AA6-1389-037BE0695223}"
EndProject
Project("{FAE04EC0-301F-11D3-BF4B-00C04F79EFBC}") = "MultiTenantInventory.UnitTests", "tests\MultiTenantInventory.UnitTests\MultiTenantInventory.UnitTests.csproj", "{8CFC78C3-A9A3-45BF-9AF6-71711CE062A6}"
EndProject
Project("{FAE04EC0-301F-11D3-BF4B-00C04F79EFBC}") = "MultiTenantInventory.IntegrationTests", "tests\MultiTenantInventory.IntegrationTests\MultiTenantInventory.IntegrationTests.csproj", "{DC97E07A-E3CC-4EBD-B6A5-6E9277B4BF76}"
EndProject
Project("{2150E333-8FDC-42A3-9474-1A3956D46DE8}") = "Solution Items", "Solution Items", "{8EC462FD-D22E-90A8-E5CE-7E832BA40C5D}"
	ProjectSection(SolutionItems) = preProject
		.gitignore = .gitignore
		README.md = README.md
	EndProjectSection
EndProject
Global
	GlobalSection(SolutionConfigurationPlatforms) = preSolution
		Debug|Any CPU = Debug|Any CPU
		Debug|x64 = Debug|x64
		Debug|x86 = Debug|x86
		Release|Any CPU = Release|Any CPU
		Release|x64 = Release|x64
		Release|x86 = Release|x86
	EndGlobalSection
	GlobalSection(ProjectConfigurationPlatforms) = postSolution
		{BC2CCB43-1AD3-42D7-A247-0EC694C8AEAF}.Debug|Any CPU.ActiveCfg = Debug|Any CPU
		{BC2CCB43-1AD3-42D7-A247-0EC694C8AEAF}.Debug|Any CPU.Build.0 = Debug|Any CPU
		{BC2CCB43-1AD3-42D7-A247-0EC694C8AEAF}.Debug|x64.ActiveCfg = Debug|Any CPU
		{BC2CCB43-1AD3-42D7-A247-0EC694C8AEAF}.Debug|x64.Build.0 = Debug|Any CPU
		{BC2CCB43-1AD3-42D7-A247-0EC694C8AEAF}.Debug|x86.ActiveCfg = Debug|Any CPU
		{BC2CCB43-1AD3-42D7-A247-0EC694C8AEAF}.Debug|x86.Build.0 = Debug|Any CPU
		{BC2CCB43-1AD3-42D7-A247-0EC694C8AEAF}.Release|Any CPU.ActiveCfg = Release|Any CPU
		{BC2CCB43-1AD3-42D7-A247-0EC694C8AEAF}.Release|Any CPU.Build.0 = Release|Any CPU
		{BC2CCB43-1AD3-42D7-A247-0EC694C8AEAF}.Release|x64.ActiveCfg = Release|Any CPU
		{BC2CCB43-1AD3-42D7-A247-0EC694C8AEAF}.Release|x64.Build.0 = Release|Any CPU
		{BC2CCB43-1AD3-42D7-A247-0EC694C8AEAF}.Release|x86.ActiveCfg = Release|Any CPU
		{BC2CCB43-1AD3-42D7-A247-0EC694C8AEAF}.Release|x86.Build.0 = Release|Any CPU
		{2E357595-2928-4C00-80B7-482156A27F2B}.Debug|Any CPU.ActiveCfg = Debug|Any CPU
		{2E357595-2928-4C00-80B7-482156A27F2B}.Debug|Any CPU.Build.0 = Debug|Any CPU
		{2E357595-2928-4C00-80B7-482156A27F2B}.Debug|x64.ActiveCfg = Debug|Any CPU
		{2E357595-2928-4C00-80B7-482156A27F2B}.Debug|x64.Build.0 = Debug|Any CPU
		{2E357595-2928-4C00-80B7-482156A27F2B}.Debug|x86.ActiveCfg = Debug|Any CPU
		{2E357595-2928-4C00-80B7-482156A27F2B}.Debug|x86.Build.0 = Debug|Any CPU
		{2E357595-2928-4C00-80B7-482156A27F2B}.Release|Any CPU.ActiveCfg = Release|Any CPU
		{2E357595-2928-4C00-80B7-482156A27F2B}.Release|Any CPU.Build.0 = Release|Any CPU
		{2E357595-2928-4C00-80B7-482156A27F2B}.Release|x64.ActiveCfg = Release|Any CPU
		{2E357595-2928-4C00-80B7-482156A27F2B}.Release|x64.Build.0 = Release|Any CPU
		{2E357595-2928-4C00-80B7-482156A27F2B}.Release|x86.ActiveCfg = Release|Any CPU
		{2E357595-2928-4C00-80B7-482156A27F2B}.Release|x86.Build.0 = Release|Any CPU
		{998DB393-01BF-4472-AB36-DC3D10F85C86}.Debug|Any CPU.ActiveCfg = Debug|Any CPU
		{998DB393-01BF-4472-AB36-DC3D10F85C86}.Debug|Any CPU.Build.0 = Debug|Any CPU
		{998DB393-01BF-4472-AB36-DC3D10F85C86}.Debug|x64.ActiveCfg = Debug|Any CPU
		{998DB393-01BF-4472-AB36-DC3D10F85C86}.Debug|x64.Build.0 = Debug|Any CPU
		{998DB393-01BF-4472-AB36-DC3D10F85C86}.Debug|x86.ActiveCfg = Debug|Any CPU
		{998DB393-01BF-4472-AB36-DC3D10F85C86}.Debug|x86.Build.0 = Debug|Any CPU
		{998DB393-01BF-4472-AB36-DC3D10F85C86}.Release|Any CPU.ActiveCfg = Release|Any CPU
		{998DB393-01BF-4472-AB36-DC3D10F85C86}.Release|Any CPU.Build.0 = Release|Any CPU
		{998DB393-01BF-4472-AB36-DC3D10F85C86}.Release|x64.ActiveCfg = Release|Any CPU
		{998DB393-01BF-4472-AB36-DC3D10F85C86}.Release|x64.Build.0 = Release|Any CPU
		{998DB393-01BF-4472-AB36-DC3D10F85C86}.Release|x86.ActiveCfg = Release|Any CPU
		{998DB393-01BF-4472-AB36-DC3D10F85C86}.Release|x86.Build.0 = Release|Any CPU
		{E478EEB4-466A-429C-8783-D2873D730722}.Debug|Any CPU.ActiveCfg = Debug|Any CPU
		{E478EEB4-466A-429C-8783-D2873D730722}.Debug|Any CPU.Build.0 = Debug|Any CPU
		{E478EEB4-466A-429C-8783-D2873D730722}.Debug|x64.ActiveCfg = Debug|Any CPU
		{E478EEB4-466A-429C-8783-D2873D730722}.Debug|x64.Build.0 = Debug|Any CPU
		{E478EEB4-466A-429C-8783-D2873D730722}.Debug|x86.ActiveCfg = Debug|Any CPU
		{E478EEB4-466A-429C-8783-D2873D730722}.Debug|x86.Build.0 = Debug|Any CPU
		{E478EEB4-466A-429C-8783-D2873D730722}.Release|Any CPU.ActiveCfg = Release|Any CPU
		{E478EEB4-466A-429C-8783-D2873D730722}.Release|Any CPU.Build.0 = Release|Any CPU
		{E478EEB4-466A-429C-8783-D2873D730722}.Release|x64.ActiveCfg = Release|Any CPU
		{E478EEB4-466A-429C-8783-D2873D730722}.Release|x64.Build.0 = Release|Any CPU
		{E478EEB4-466A-429C-8783-D2873D730722}.Release|x86.ActiveCfg = Release|Any CPU
		{E478EEB4-466A-429C-8783-D2873D730722}.Release|x86.Build.0 = Release|Any CPU
		{8CFC78C3-A9A3-45BF-9AF6-71711CE062A6}.Debug|Any CPU.ActiveCfg = Debug|Any CPU
		{8CFC78C3-A9A3-45BF-9AF6-71711CE062A6}.Debug|Any CPU.Build.0 = Debug|Any CPU
		{8CFC78C3-A9A3-45BF-9AF6-71711CE062A6}.Debug|x64.ActiveCfg = Debug|Any CPU
		{8CFC78C3-A9A3-45BF-9AF6-71711CE062A6}.Debug|x64.Build.0 = Debug|Any CPU
		{8CFC78C3-A9A3-45BF-9AF6-71711CE062A6}.Debug|x86.ActiveCfg = Debug|Any CPU
		{8CFC78C3-A9A3-45BF-9AF6-71711CE062A6}.Debug|x86.Build.0 = Debug|Any CPU
		{8CFC78C3-A9A3-45BF-9AF6-71711CE062A6}.Release|Any CPU.ActiveCfg = Release|Any CPU
		{8CFC78C3-A9A3-45BF-9AF6-71711CE062A6}.Release|Any CPU.Build.0 = Release|Any CPU
		{8CFC78C3-A9A3-45BF-9AF6-71711CE062A6}.Release|x64.ActiveCfg = Release|Any CPU
		{8CFC78C3-A9A3-45BF-9AF6-71711CE062A6}.Release|x64.Build.0 = Release|Any CPU
		{8CFC78C3-A9A3-45BF-9AF6-71711CE062A6}.Release|x86.ActiveCfg = Release|Any CPU
		{8CFC78C3-A9A3-45BF-9AF6-71711CE062A6}.Release|x86.Build.0 = Release|Any CPU
		{DC97E07A-E3CC-4EBD-B6A5-6E9277B4BF76}.Debug|Any CPU.ActiveCfg = Debug|Any CPU
		{DC97E07A-E3CC-4EBD-B6A5-6E9277B4BF76}.Debug|Any CPU.Build.0 = Debug|Any CPU
		{DC97E07A-E3CC-4EBD-B6A5-6E9277B4BF76}.Debug|x64.ActiveCfg = Debug|Any CPU
		{DC97E07A-E3CC-4EBD-B6A5-6E9277B4BF76}.Debug|x64.Build.0 = Debug|Any CPU
		{DC97E07A-E3CC-4EBD-B6A5-6E9277B4BF76}.Debug|x86.ActiveCfg = Debug|Any CPU
		{DC97E07A-E3CC-4EBD-B6A5-6E9277B4BF76}.Debug|x86.Build.0 = Debug|Any CPU
		{DC97E07A-E3CC-4EBD-B6A5-6E9277B4BF76}.Release|Any CPU.ActiveCfg = Release|Any CPU
		{DC97E07A-E3CC-4EBD-B6A5-6E9277B4BF76}.Release|Any CPU.Build.0 = Release|Any CPU
		{DC97E07A-E3CC-4EBD-B6A5-6E9277B4BF76}.Release|x64.ActiveCfg = Release|Any CPU
		{DC97E07A-E3CC-4EBD-B6A5-6E9277B4BF76}.Release|x64.Build.0 = Release|Any CPU
		{DC97E07A-E3CC-4EBD-B6A5-6E9277B4BF76}.Release|x86.ActiveCfg = Release|Any CPU
		{DC97E07A-E3CC-4EBD-B6A5-6E9277B4BF76}.Release|x86.Build.0 = Release|Any CPU
	EndGlobalSection
	GlobalSection(SolutionProperties) = preSolution
		HideSolutionNode = FALSE
	EndGlobalSection
	GlobalSection(NestedProjects) = preSolution
		{BC2CCB43-1AD3-42D7-A247-0EC694C8AEAF} = {827E0CD3-B72D-47B6-A68D-7590B98EB39B}
		{2E357595-2928-4C00-80B7-482156A27F2B} = {827E0CD3-B72D-47B6-A68D-7590B98EB39B}
		{998DB393-01BF-4472-AB36-DC3D10F85C86} = {827E0CD3-B72D-47B6-A68D-7590B98EB39B}
		{E478EEB4-466A-429C-8783-D2873D730722} = {827E0CD3-B72D-47B6-A68D-7590B98EB39B}
		{8CFC78C3-A9A3-45BF-9AF6-71711CE062A6} = {0AB3BF05-4346-4AA6-1389-037BE0695223}
		{DC97E07A-E3CC-4EBD-B6A5-6E9277B4BF76} = {0AB3BF05-4346-4AA6-1389-037BE0695223}
	EndGlobalSection
EndGlobal
